
Microsoft Visual Studio Solution File, Format Version 12.00
# Visual Studio Version 16
VisualStudioVersion = 16.0.30104.148
MinimumVisualStudioVersion = 10.0.40219.1
Project("{FAE04EC0-301F-11D3-BF4B-00C04F79EFBC}") = "Prt.Graphit.Sku.Api", "Prt.Graphit.Sku.Api.csproj", "{2B7E5E22-6852-448D-8C72-A743C11142CA}"
EndProject
Project("{2150E333-8FDC-42A3-9474-1A3956D46DE8}") = "Docs", "Docs", "{73721406-77D0-4083-9477-BCDB0DBD2641}"
EndProject
Project("{2150E333-8FDC-42A3-9474-1A3956D46DE8}") = "Src", "Src", "{108832C4-EEA0-49F8-BEFD-E39FC1EE5447}"
EndProject
Project("{2150E333-8FDC-42A3-9474-1A3956D46DE8}") = "Tests", "Tests", "{A4E806D0-8AF4-4E02-A2CA-5A9CFE9D1E8F}"
EndProject
Project("{2150E333-8FDC-42A3-9474-1A3956D46DE8}") = "Presentation", "Presentation", "{42400309-E42C-4BEA-922F-7F31F7376179}"
EndProject
Project("{2150E333-8FDC-42A3-9474-1A3956D46DE8}") = "Core", "Core", "{EFAC401C-DC57-45F7-9DFC-9145962C5CD0}"
EndProject
Project("{2150E333-8FDC-42A3-9474-1A3956D46DE8}") = "Infrastructure", "Infrastructure", "{5F687E1E-8207-452B-89E4-835153FE7BAA}"
EndProject
Project("{FAE04EC0-301F-11D3-BF4B-00C04F79EFBC}") = "Prt.Graphit.Application", "..\prt.Graphite.Application\Prt.Graphit.Application.csproj", "{2123D37D-950E-43D4-8CA5-782159CD1CCC}"
EndProject
Project("{FAE04EC0-301F-11D3-BF4B-00C04F79EFBC}") = "Prt.Graphit.Common", "..\Prt.Graphit.Common\Prt.Graphit.Common.csproj", "{4DF7036B-9E01-4AAA-BAEB-46B8E8CE8585}"
EndProject
Project("{FAE04EC0-301F-11D3-BF4B-00C04F79EFBC}") = "Prt.Graphit.Domain", "..\Prt.Graphit.Domain\Prt.Graphit.Domain.csproj", "{17781BCE-1DB3-48C7-B521-5721A1FAF1AE}"
EndProject
Project("{FAE04EC0-301F-11D3-BF4B-00C04F79EFBC}") = "Prt.Graphit.Infrastructure", "..\Prt.Graphit.Infrastructure\Prt.Graphit.Infrastructure.csproj", "{8BE77A5A-E68D-41E7-BC8B-60A07E4D0CBE}"
EndProject
Project("{FAE04EC0-301F-11D3-BF4B-00C04F79EFBC}") = "Prt.Graphit.Persistence", "..\Prt.Graphit.Persistence\Prt.Graphit.Persistence.csproj", "{55DDE80C-DB14-4399-A2CA-01FD1201281C}"
EndProject
Global
	GlobalSection(SolutionConfigurationPlatforms) = preSolution
		Debug|Any CPU = Debug|Any CPU
		Release|Any CPU = Release|Any CPU
	EndGlobalSection
	GlobalSection(ProjectConfigurationPlatforms) = postSolution
		{2B7E5E22-6852-448D-8C72-A743C11142CA}.Debug|Any CPU.ActiveCfg = Debug|Any CPU
		{2B7E5E22-6852-448D-8C72-A743C11142CA}.Debug|Any CPU.Build.0 = Debug|Any CPU
		{2B7E5E22-6852-448D-8C72-A743C11142CA}.Release|Any CPU.ActiveCfg = Release|Any CPU
		{2B7E5E22-6852-448D-8C72-A743C11142CA}.Release|Any CPU.Build.0 = Release|Any CPU
		{2123D37D-950E-43D4-8CA5-782159CD1CCC}.Debug|Any CPU.ActiveCfg = Debug|Any CPU
		{2123D37D-950E-43D4-8CA5-782159CD1CCC}.Debug|Any CPU.Build.0 = Debug|Any CPU
		{2123D37D-950E-43D4-8CA5-782159CD1CCC}.Release|Any CPU.ActiveCfg = Release|Any CPU
		{2123D37D-950E-43D4-8CA5-782159CD1CCC}.Release|Any CPU.Build.0 = Release|Any CPU
		{4DF7036B-9E01-4AAA-BAEB-46B8E8CE8585}.Debug|Any CPU.ActiveCfg = Debug|Any CPU
		{4DF7036B-9E01-4AAA-BAEB-46B8E8CE8585}.Debug|Any CPU.Build.0 = Debug|Any CPU
		{4DF7036B-9E01-4AAA-BAEB-46B8E8CE8585}.Release|Any CPU.ActiveCfg = Release|Any CPU
		{4DF7036B-9E01-4AAA-BAEB-46B8E8CE8585}.Release|Any CPU.Build.0 = Release|Any CPU
		{17781BCE-1DB3-48C7-B521-5721A1FAF1AE}.Debug|Any CPU.ActiveCfg = Debug|Any CPU
		{17781BCE-1DB3-48C7-B521-5721A1FAF1AE}.Debug|Any CPU.Build.0 = Debug|Any CPU
		{17781BCE-1DB3-48C7-B521-5721A1FAF1AE}.Release|Any CPU.ActiveCfg = Release|Any CPU
		{17781BCE-1DB3-48C7-B521-5721A1FAF1AE}.Release|Any CPU.Build.0 = Release|Any CPU
		{8BE77A5A-E68D-41E7-BC8B-60A07E4D0CBE}.Debug|Any CPU.ActiveCfg = Debug|Any CPU
		{8BE77A5A-E68D-41E7-BC8B-60A07E4D0CBE}.Debug|Any CPU.Build.0 = Debug|Any CPU
		{8BE77A5A-E68D-41E7-BC8B-60A07E4D0CBE}.Release|Any CPU.ActiveCfg = Release|Any CPU
		{8BE77A5A-E68D-41E7-BC8B-60A07E4D0CBE}.Release|Any CPU.Build.0 = Release|Any CPU
		{55DDE80C-DB14-4399-A2CA-01FD1201281C}.Debug|Any CPU.ActiveCfg = Debug|Any CPU
		{55DDE80C-DB14-4399-A2CA-01FD1201281C}.Debug|Any CPU.Build.0 = Debug|Any CPU
		{55DDE80C-DB14-4399-A2CA-01FD1201281C}.Release|Any CPU.ActiveCfg = Release|Any CPU
		{55DDE80C-DB14-4399-A2CA-01FD1201281C}.Release|Any CPU.Build.0 = Release|Any CPU
	EndGlobalSection
	GlobalSection(SolutionProperties) = preSolution
		HideSolutionNode = FALSE
	EndGlobalSection
	GlobalSection(NestedProjects) = preSolution
		{2B7E5E22-6852-448D-8C72-A743C11142CA} = {42400309-E42C-4BEA-922F-7F31F7376179}
		{42400309-E42C-4BEA-922F-7F31F7376179} = {108832C4-EEA0-49F8-BEFD-E39FC1EE5447}
		{EFAC401C-DC57-45F7-9DFC-9145962C5CD0} = {108832C4-EEA0-49F8-BEFD-E39FC1EE5447}
		{5F687E1E-8207-452B-89E4-835153FE7BAA} = {108832C4-EEA0-49F8-BEFD-E39FC1EE5447}
		{2123D37D-950E-43D4-8CA5-782159CD1CCC} = {EFAC401C-DC57-45F7-9DFC-9145962C5CD0}
		{4DF7036B-9E01-4AAA-BAEB-46B8E8CE8585} = {EFAC401C-DC57-45F7-9DFC-9145962C5CD0}
		{17781BCE-1DB3-48C7-B521-5721A1FAF1AE} = {EFAC401C-DC57-45F7-9DFC-9145962C5CD0}
		{8BE77A5A-E68D-41E7-BC8B-60A07E4D0CBE} = {5F687E1E-8207-452B-89E4-835153FE7BAA}
		{55DDE80C-DB14-4399-A2CA-01FD1201281C} = {5F687E1E-8207-452B-89E4-835153FE7BAA}
	EndGlobalSection
	GlobalSection(ExtensibilityGlobals) = postSolution
		SolutionGuid = {F50C1E13-CEC2-4E79-B1D4-B5EB01C02997}
	EndGlobalSection
EndGlobal
